
Microsoft Visual Studio Solution File, Format Version 12.00
# Visual Studio Version 17
VisualStudioVersion = 17.9.34723.18
MinimumVisualStudioVersion = 10.0.40219.1
Project("{9A19103F-16F7-4668-BE54-9A1E7A4F7556}") = "TheBallContracts", "TheBallContracts\TheBallContracts.csproj", "{6015841C-7D46-4C92-9BA3-671BF519AD82}"
EndProject
Project("{9A19103F-16F7-4668-BE54-9A1E7A4F7556}") = "TheBallTests", "..\TheBallTests\TheBallTests.csproj", "{F1E0636C-ECEA-4325-B064-2548BF56840D}"
EndProject
Project("{FAE04EC0-301F-11D3-BF4B-00C04F79EFBC}") = "TheBallBuisnessLogic", "..\TheBallBuisnessLogic\TheBallBuisnessLogic.csproj", "{6D30BF33-0781-456A-93D6-572EE829581C}"
EndProject
Global
	GlobalSection(SolutionConfigurationPlatforms) = preSolution
		Debug|Any CPU = Debug|Any CPU
		Release|Any CPU = Release|Any CPU
	EndGlobalSection
	GlobalSection(ProjectConfigurationPlatforms) = postSolution
		{6015841C-7D46-4C92-9BA3-671BF519AD82}.Debug|Any CPU.ActiveCfg = Debug|Any CPU
		{6015841C-7D46-4C92-9BA3-671BF519AD82}.Debug|Any CPU.Build.0 = Debug|Any CPU
		{6015841C-7D46-4C92-9BA3-671BF519AD82}.Release|Any CPU.ActiveCfg = Release|Any CPU
		{6015841C-7D46-4C92-9BA3-671BF519AD82}.Release|Any CPU.Build.0 = Release|Any CPU
		{F1E0636C-ECEA-4325-B064-2548BF56840D}.Debug|Any CPU.ActiveCfg = Debug|Any CPU
		{F1E0636C-ECEA-4325-B064-2548BF56840D}.Debug|Any CPU.Build.0 = Debug|Any CPU
		{F1E0636C-ECEA-4325-B064-2548BF56840D}.Release|Any CPU.ActiveCfg = Release|Any CPU
		{F1E0636C-ECEA-4325-B064-2548BF56840D}.Release|Any CPU.Build.0 = Release|Any CPU
		{6D30BF33-0781-456A-93D6-572EE829581C}.Debug|Any CPU.ActiveCfg = Debug|Any CPU
		{6D30BF33-0781-456A-93D6-572EE829581C}.Debug|Any CPU.Build.0 = Debug|Any CPU
		{6D30BF33-0781-456A-93D6-572EE829581C}.Release|Any CPU.ActiveCfg = Release|Any CPU
		{6D30BF33-0781-456A-93D6-572EE829581C}.Release|Any CPU.Build.0 = Release|Any CPU
	EndGlobalSection
	GlobalSection(SolutionProperties) = preSolution
		HideSolutionNode = FALSE
	EndGlobalSection
	GlobalSection(ExtensibilityGlobals) = postSolution
		SolutionGuid = {32D2B591-DA06-4E83-A0D9-54B70F0AEADE}
	EndGlobalSection
EndGlobal
